
Microsoft Visual Studio Solution File, Format Version 12.00
# Visual Studio Version 16
VisualStudioVersion = 16.0.30011.22
MinimumVisualStudioVersion = 10.0.40219.1
Project("{2150E333-8FDC-42A3-9474-1A3956D46DE8}") = "DesktopApps", "DesktopApps", "{32C3554F-EFB2-48FB-B0C0-079BD373B187}"
EndProject
Project("{2150E333-8FDC-42A3-9474-1A3956D46DE8}") = "_Libraries", "_Libraries", "{60ACE8BA-13D2-4C00-A0C6-1A0909F96F3B}"
EndProject
Project("{2150E333-8FDC-42A3-9474-1A3956D46DE8}") = "MobileApps", "MobileApps", "{48901C2D-5E29-430B-8932-FD0F05B53A79}"
EndProject
Project("{2150E333-8FDC-42A3-9474-1A3956D46DE8}") = "WebApps", "WebApps", "{9E3FB507-9D34-4B15-9574-17664B0C5EBD}"
EndProject
Project("{9A19103F-16F7-4668-BE54-9A1E7A4F7556}") = "FierceStukCloud_Pс", "FierceStukCloud_PC\FierceStukCloud_Pс.csproj", "{2B10CACD-E03A-4274-B138-654F1BA6850B}"
EndProject
Project("{9A19103F-16F7-4668-BE54-9A1E7A4F7556}") = "Test", "Test\Test.csproj", "{E8D623A3-A21C-4894-B5C6-1A395E2C16F2}"
EndProject
Project("{9A19103F-16F7-4668-BE54-9A1E7A4F7556}") = "FierceStukCloud_Web", "FierceStukCloud_Web\FierceStukCloud_Web.csproj", "{1B26652A-5315-473E-BF6C-62CD6FF736E6}"
EndProject
Project("{FAE04EC0-301F-11D3-BF4B-00C04F79EFBC}") = "FierceStukCloud_Mobile.Android", "FierceStukCloud_Mobile\FierceStukCloud_Mobile.Android\FierceStukCloud_Mobile.Android.csproj", "{47F55F59-6A74-454A-8E42-4AE3A9C85D2C}"
EndProject
Project("{FAE04EC0-301F-11D3-BF4B-00C04F79EFBC}") = "FierceStukCloud_Mobile.iOS", "FierceStukCloud_Mobile\FierceStukCloud_Mobile.iOS\FierceStukCloud_Mobile.iOS.csproj", "{50F75C7A-40C6-453F-89D1-E332A641979C}"
EndProject
Project("{9A19103F-16F7-4668-BE54-9A1E7A4F7556}") = "FierceStukCloud_Mobile", "FierceStukCloud_Mobile\FierceStukCloud_Mobile\FierceStukCloud_Mobile.csproj", "{ED351566-9738-4D61-9FA5-6E03C89D5A2A}"
EndProject
Project("{2150E333-8FDC-42A3-9474-1A3956D46DE8}") = "MvvmNavigation", "MvvmNavigation", "{CB2468A4-637B-4099-9585-BA28E0E3941F}"
EndProject
Project("{9A19103F-16F7-4668-BE54-9A1E7A4F7556}") = "MvvmNavigation.Wpf", "..\MvvmNavigation\code\src\MvvmNavigation.Wpf\MvvmNavigation.Wpf.csproj", "{61A76CA2-85E4-410D-B36E-7A3EFEB96014}"
EndProject
Project("{9A19103F-16F7-4668-BE54-9A1E7A4F7556}") = "MvvmNavigation.Core", "..\MvvmNavigation\code\src\MvvmNavigation.Core\MvvmNavigation.Core.csproj", "{7F00993A-4BED-4E2B-85AA-C0DB0659883D}"
EndProject
Project("{9A19103F-16F7-4668-BE54-9A1E7A4F7556}") = "MvvmNavigation.Abstractions", "..\MvvmNavigation\code\src\MvvmNavigation.Abstractions\MvvmNavigation.Abstractions.csproj", "{3336E846-7D81-4253-85BE-5B9E67E2F61B}"
EndProject
Project("{9A19103F-16F7-4668-BE54-9A1E7A4F7556}") = "MvvmNavigation.Internal", "..\MvvmNavigation\code\src\MvvmNavigation.Internal\MvvmNavigation.Internal.csproj", "{67789FF9-1345-4856-99B3-D30BC118995F}"
EndProject
Project("{9A19103F-16F7-4668-BE54-9A1E7A4F7556}") = "FierceStukCloud.Core", "FierceStukCloud.Core\FierceStukCloud.Core.csproj", "{738CE91D-F28A-4200-B501-4AE98FA56954}"
EndProject
Project("{9A19103F-16F7-4668-BE54-9A1E7A4F7556}") = "FierceStukCloud.Abstractions", "FierceStukCloud.Abstractions\FierceStukCloud.Abstractions.csproj", "{5C8C3D1C-CD52-4544-B3E3-3787D59A040C}"
EndProject
Project("{9A19103F-16F7-4668-BE54-9A1E7A4F7556}") = "FierceStukCloud.Wpf", "FierceStukCloud.WPF\FierceStukCloud.Wpf.csproj", "{ADC41DCA-2E1C-492E-BF27-222B56CB977D}"
EndProject
Project("{9A19103F-16F7-4668-BE54-9A1E7A4F7556}") = "FierceStukCloud.Mvvm", "FierceStukCloud.Mvvm\FierceStukCloud.Mvvm.csproj", "{1F593A50-BBD2-44A0-8CBE-CF2A7433E345}"
EndProject
Project("{2150E333-8FDC-42A3-9474-1A3956D46DE8}") = "TestApps", "TestApps", "{D0380797-3314-4480-82C7-D737EEA135EE}"
EndProject
Project("{FAE04EC0-301F-11D3-BF4B-00C04F79EFBC}") = "TestNetStandardLib", "TestNetStandardLib\TestNetStandardLib.csproj", "{D9D9B48F-108E-42C6-A767-1560E4365F56}"
EndProject
Project("{FAE04EC0-301F-11D3-BF4B-00C04F79EFBC}") = "FierceStukCloud.Pc", "FierceStukCloud.Pc\FierceStukCloud.Pc.csproj", "{5C4AAC81-AF0A-4D77-B0F0-7EA2FBC880C4}"
EndProject
Global
	GlobalSection(SolutionConfigurationPlatforms) = preSolution
		Debug|Any CPU = Debug|Any CPU
		Debug|iPhone = Debug|iPhone
		Debug|iPhoneSimulator = Debug|iPhoneSimulator
		Release|Any CPU = Release|Any CPU
		Release|iPhone = Release|iPhone
		Release|iPhoneSimulator = Release|iPhoneSimulator
	EndGlobalSection
	GlobalSection(ProjectConfigurationPlatforms) = postSolution
		{2B10CACD-E03A-4274-B138-654F1BA6850B}.Debug|Any CPU.ActiveCfg = Debug|Any CPU
		{2B10CACD-E03A-4274-B138-654F1BA6850B}.Debug|Any CPU.Build.0 = Debug|Any CPU
		{2B10CACD-E03A-4274-B138-654F1BA6850B}.Debug|iPhone.ActiveCfg = Debug|Any CPU
		{2B10CACD-E03A-4274-B138-654F1BA6850B}.Debug|iPhone.Build.0 = Debug|Any CPU
		{2B10CACD-E03A-4274-B138-654F1BA6850B}.Debug|iPhoneSimulator.ActiveCfg = Debug|Any CPU
		{2B10CACD-E03A-4274-B138-654F1BA6850B}.Debug|iPhoneSimulator.Build.0 = Debug|Any CPU
		{2B10CACD-E03A-4274-B138-654F1BA6850B}.Release|Any CPU.ActiveCfg = Release|Any CPU
		{2B10CACD-E03A-4274-B138-654F1BA6850B}.Release|Any CPU.Build.0 = Release|Any CPU
		{2B10CACD-E03A-4274-B138-654F1BA6850B}.Release|iPhone.ActiveCfg = Release|Any CPU
		{2B10CACD-E03A-4274-B138-654F1BA6850B}.Release|iPhone.Build.0 = Release|Any CPU
		{2B10CACD-E03A-4274-B138-654F1BA6850B}.Release|iPhoneSimulator.ActiveCfg = Release|Any CPU
		{2B10CACD-E03A-4274-B138-654F1BA6850B}.Release|iPhoneSimulator.Build.0 = Release|Any CPU
		{E8D623A3-A21C-4894-B5C6-1A395E2C16F2}.Debug|Any CPU.ActiveCfg = Debug|Any CPU
		{E8D623A3-A21C-4894-B5C6-1A395E2C16F2}.Debug|Any CPU.Build.0 = Debug|Any CPU
		{E8D623A3-A21C-4894-B5C6-1A395E2C16F2}.Debug|iPhone.ActiveCfg = Debug|Any CPU
		{E8D623A3-A21C-4894-B5C6-1A395E2C16F2}.Debug|iPhone.Build.0 = Debug|Any CPU
		{E8D623A3-A21C-4894-B5C6-1A395E2C16F2}.Debug|iPhoneSimulator.ActiveCfg = Debug|Any CPU
		{E8D623A3-A21C-4894-B5C6-1A395E2C16F2}.Debug|iPhoneSimulator.Build.0 = Debug|Any CPU
		{E8D623A3-A21C-4894-B5C6-1A395E2C16F2}.Release|Any CPU.ActiveCfg = Release|Any CPU
		{E8D623A3-A21C-4894-B5C6-1A395E2C16F2}.Release|Any CPU.Build.0 = Release|Any CPU
		{E8D623A3-A21C-4894-B5C6-1A395E2C16F2}.Release|iPhone.ActiveCfg = Release|Any CPU
		{E8D623A3-A21C-4894-B5C6-1A395E2C16F2}.Release|iPhone.Build.0 = Release|Any CPU
		{E8D623A3-A21C-4894-B5C6-1A395E2C16F2}.Release|iPhoneSimulator.ActiveCfg = Release|Any CPU
		{E8D623A3-A21C-4894-B5C6-1A395E2C16F2}.Release|iPhoneSimulator.Build.0 = Release|Any CPU
		{1B26652A-5315-473E-BF6C-62CD6FF736E6}.Debug|Any CPU.ActiveCfg = Debug|Any CPU
		{1B26652A-5315-473E-BF6C-62CD6FF736E6}.Debug|Any CPU.Build.0 = Debug|Any CPU
		{1B26652A-5315-473E-BF6C-62CD6FF736E6}.Debug|iPhone.ActiveCfg = Debug|Any CPU
		{1B26652A-5315-473E-BF6C-62CD6FF736E6}.Debug|iPhone.Build.0 = Debug|Any CPU
		{1B26652A-5315-473E-BF6C-62CD6FF736E6}.Debug|iPhoneSimulator.ActiveCfg = Debug|Any CPU
		{1B26652A-5315-473E-BF6C-62CD6FF736E6}.Debug|iPhoneSimulator.Build.0 = Debug|Any CPU
		{1B26652A-5315-473E-BF6C-62CD6FF736E6}.Release|Any CPU.ActiveCfg = Release|Any CPU
		{1B26652A-5315-473E-BF6C-62CD6FF736E6}.Release|Any CPU.Build.0 = Release|Any CPU
		{1B26652A-5315-473E-BF6C-62CD6FF736E6}.Release|iPhone.ActiveCfg = Release|Any CPU
		{1B26652A-5315-473E-BF6C-62CD6FF736E6}.Release|iPhone.Build.0 = Release|Any CPU
		{1B26652A-5315-473E-BF6C-62CD6FF736E6}.Release|iPhoneSimulator.ActiveCfg = Release|Any CPU
		{1B26652A-5315-473E-BF6C-62CD6FF736E6}.Release|iPhoneSimulator.Build.0 = Release|Any CPU
		{47F55F59-6A74-454A-8E42-4AE3A9C85D2C}.Debug|Any CPU.ActiveCfg = Debug|Any CPU
		{47F55F59-6A74-454A-8E42-4AE3A9C85D2C}.Debug|Any CPU.Build.0 = Debug|Any CPU
		{47F55F59-6A74-454A-8E42-4AE3A9C85D2C}.Debug|Any CPU.Deploy.0 = Debug|Any CPU
		{47F55F59-6A74-454A-8E42-4AE3A9C85D2C}.Debug|iPhone.ActiveCfg = Debug|Any CPU
		{47F55F59-6A74-454A-8E42-4AE3A9C85D2C}.Debug|iPhone.Build.0 = Debug|Any CPU
		{47F55F59-6A74-454A-8E42-4AE3A9C85D2C}.Debug|iPhone.Deploy.0 = Debug|Any CPU
		{47F55F59-6A74-454A-8E42-4AE3A9C85D2C}.Debug|iPhoneSimulator.ActiveCfg = Debug|Any CPU
		{47F55F59-6A74-454A-8E42-4AE3A9C85D2C}.Debug|iPhoneSimulator.Build.0 = Debug|Any CPU
		{47F55F59-6A74-454A-8E42-4AE3A9C85D2C}.Debug|iPhoneSimulator.Deploy.0 = Debug|Any CPU
		{47F55F59-6A74-454A-8E42-4AE3A9C85D2C}.Release|Any CPU.ActiveCfg = Release|Any CPU
		{47F55F59-6A74-454A-8E42-4AE3A9C85D2C}.Release|Any CPU.Build.0 = Release|Any CPU
		{47F55F59-6A74-454A-8E42-4AE3A9C85D2C}.Release|Any CPU.Deploy.0 = Release|Any CPU
		{47F55F59-6A74-454A-8E42-4AE3A9C85D2C}.Release|iPhone.ActiveCfg = Release|Any CPU
		{47F55F59-6A74-454A-8E42-4AE3A9C85D2C}.Release|iPhone.Build.0 = Release|Any CPU
		{47F55F59-6A74-454A-8E42-4AE3A9C85D2C}.Release|iPhone.Deploy.0 = Release|Any CPU
		{47F55F59-6A74-454A-8E42-4AE3A9C85D2C}.Release|iPhoneSimulator.ActiveCfg = Release|Any CPU
		{47F55F59-6A74-454A-8E42-4AE3A9C85D2C}.Release|iPhoneSimulator.Build.0 = Release|Any CPU
		{47F55F59-6A74-454A-8E42-4AE3A9C85D2C}.Release|iPhoneSimulator.Deploy.0 = Release|Any CPU
		{50F75C7A-40C6-453F-89D1-E332A641979C}.Debug|Any CPU.ActiveCfg = Debug|iPhone
		{50F75C7A-40C6-453F-89D1-E332A641979C}.Debug|iPhone.ActiveCfg = Debug|iPhone
		{50F75C7A-40C6-453F-89D1-E332A641979C}.Debug|iPhone.Build.0 = Debug|iPhone
		{50F75C7A-40C6-453F-89D1-E332A641979C}.Debug|iPhoneSimulator.ActiveCfg = Debug|iPhoneSimulator
		{50F75C7A-40C6-453F-89D1-E332A641979C}.Debug|iPhoneSimulator.Build.0 = Debug|iPhoneSimulator
		{50F75C7A-40C6-453F-89D1-E332A641979C}.Release|Any CPU.ActiveCfg = Release|iPhone
		{50F75C7A-40C6-453F-89D1-E332A641979C}.Release|iPhone.ActiveCfg = Release|iPhone
		{50F75C7A-40C6-453F-89D1-E332A641979C}.Release|iPhone.Build.0 = Release|iPhone
		{50F75C7A-40C6-453F-89D1-E332A641979C}.Release|iPhoneSimulator.ActiveCfg = Release|iPhoneSimulator
		{50F75C7A-40C6-453F-89D1-E332A641979C}.Release|iPhoneSimulator.Build.0 = Release|iPhoneSimulator
		{ED351566-9738-4D61-9FA5-6E03C89D5A2A}.Debug|Any CPU.ActiveCfg = Debug|Any CPU
		{ED351566-9738-4D61-9FA5-6E03C89D5A2A}.Debug|Any CPU.Build.0 = Debug|Any CPU
		{ED351566-9738-4D61-9FA5-6E03C89D5A2A}.Debug|iPhone.ActiveCfg = Debug|Any CPU
		{ED351566-9738-4D61-9FA5-6E03C89D5A2A}.Debug|iPhone.Build.0 = Debug|Any CPU
		{ED351566-9738-4D61-9FA5-6E03C89D5A2A}.Debug|iPhoneSimulator.ActiveCfg = Debug|Any CPU
		{ED351566-9738-4D61-9FA5-6E03C89D5A2A}.Debug|iPhoneSimulator.Build.0 = Debug|Any CPU
		{ED351566-9738-4D61-9FA5-6E03C89D5A2A}.Release|Any CPU.ActiveCfg = Release|Any CPU
		{ED351566-9738-4D61-9FA5-6E03C89D5A2A}.Release|Any CPU.Build.0 = Release|Any CPU
		{ED351566-9738-4D61-9FA5-6E03C89D5A2A}.Release|iPhone.ActiveCfg = Release|Any CPU
		{ED351566-9738-4D61-9FA5-6E03C89D5A2A}.Release|iPhone.Build.0 = Release|Any CPU
		{ED351566-9738-4D61-9FA5-6E03C89D5A2A}.Release|iPhoneSimulator.ActiveCfg = Release|Any CPU
		{ED351566-9738-4D61-9FA5-6E03C89D5A2A}.Release|iPhoneSimulator.Build.0 = Release|Any CPU
		{61A76CA2-85E4-410D-B36E-7A3EFEB96014}.Debug|Any CPU.ActiveCfg = Debug|Any CPU
		{61A76CA2-85E4-410D-B36E-7A3EFEB96014}.Debug|Any CPU.Build.0 = Debug|Any CPU
		{61A76CA2-85E4-410D-B36E-7A3EFEB96014}.Debug|iPhone.ActiveCfg = Debug|Any CPU
		{61A76CA2-85E4-410D-B36E-7A3EFEB96014}.Debug|iPhone.Build.0 = Debug|Any CPU
		{61A76CA2-85E4-410D-B36E-7A3EFEB96014}.Debug|iPhoneSimulator.ActiveCfg = Debug|Any CPU
		{61A76CA2-85E4-410D-B36E-7A3EFEB96014}.Debug|iPhoneSimulator.Build.0 = Debug|Any CPU
		{61A76CA2-85E4-410D-B36E-7A3EFEB96014}.Release|Any CPU.ActiveCfg = Release|Any CPU
		{61A76CA2-85E4-410D-B36E-7A3EFEB96014}.Release|Any CPU.Build.0 = Release|Any CPU
		{61A76CA2-85E4-410D-B36E-7A3EFEB96014}.Release|iPhone.ActiveCfg = Release|Any CPU
		{61A76CA2-85E4-410D-B36E-7A3EFEB96014}.Release|iPhone.Build.0 = Release|Any CPU
		{61A76CA2-85E4-410D-B36E-7A3EFEB96014}.Release|iPhoneSimulator.ActiveCfg = Release|Any CPU
		{61A76CA2-85E4-410D-B36E-7A3EFEB96014}.Release|iPhoneSimulator.Build.0 = Release|Any CPU
		{7F00993A-4BED-4E2B-85AA-C0DB0659883D}.Debug|Any CPU.ActiveCfg = Debug|Any CPU
		{7F00993A-4BED-4E2B-85AA-C0DB0659883D}.Debug|Any CPU.Build.0 = Debug|Any CPU
		{7F00993A-4BED-4E2B-85AA-C0DB0659883D}.Debug|iPhone.ActiveCfg = Debug|Any CPU
		{7F00993A-4BED-4E2B-85AA-C0DB0659883D}.Debug|iPhone.Build.0 = Debug|Any CPU
		{7F00993A-4BED-4E2B-85AA-C0DB0659883D}.Debug|iPhoneSimulator.ActiveCfg = Debug|Any CPU
		{7F00993A-4BED-4E2B-85AA-C0DB0659883D}.Debug|iPhoneSimulator.Build.0 = Debug|Any CPU
		{7F00993A-4BED-4E2B-85AA-C0DB0659883D}.Release|Any CPU.ActiveCfg = Release|Any CPU
		{7F00993A-4BED-4E2B-85AA-C0DB0659883D}.Release|Any CPU.Build.0 = Release|Any CPU
		{7F00993A-4BED-4E2B-85AA-C0DB0659883D}.Release|iPhone.ActiveCfg = Release|Any CPU
		{7F00993A-4BED-4E2B-85AA-C0DB0659883D}.Release|iPhone.Build.0 = Release|Any CPU
		{7F00993A-4BED-4E2B-85AA-C0DB0659883D}.Release|iPhoneSimulator.ActiveCfg = Release|Any CPU
		{7F00993A-4BED-4E2B-85AA-C0DB0659883D}.Release|iPhoneSimulator.Build.0 = Release|Any CPU
		{3336E846-7D81-4253-85BE-5B9E67E2F61B}.Debug|Any CPU.ActiveCfg = Debug|Any CPU
		{3336E846-7D81-4253-85BE-5B9E67E2F61B}.Debug|Any CPU.Build.0 = Debug|Any CPU
		{3336E846-7D81-4253-85BE-5B9E67E2F61B}.Debug|iPhone.ActiveCfg = Debug|Any CPU
		{3336E846-7D81-4253-85BE-5B9E67E2F61B}.Debug|iPhone.Build.0 = Debug|Any CPU
		{3336E846-7D81-4253-85BE-5B9E67E2F61B}.Debug|iPhoneSimulator.ActiveCfg = Debug|Any CPU
		{3336E846-7D81-4253-85BE-5B9E67E2F61B}.Debug|iPhoneSimulator.Build.0 = Debug|Any CPU
		{3336E846-7D81-4253-85BE-5B9E67E2F61B}.Release|Any CPU.ActiveCfg = Release|Any CPU
		{3336E846-7D81-4253-85BE-5B9E67E2F61B}.Release|Any CPU.Build.0 = Release|Any CPU
		{3336E846-7D81-4253-85BE-5B9E67E2F61B}.Release|iPhone.ActiveCfg = Release|Any CPU
		{3336E846-7D81-4253-85BE-5B9E67E2F61B}.Release|iPhone.Build.0 = Release|Any CPU
		{3336E846-7D81-4253-85BE-5B9E67E2F61B}.Release|iPhoneSimulator.ActiveCfg = Release|Any CPU
		{3336E846-7D81-4253-85BE-5B9E67E2F61B}.Release|iPhoneSimulator.Build.0 = Release|Any CPU
		{67789FF9-1345-4856-99B3-D30BC118995F}.Debug|Any CPU.ActiveCfg = Debug|Any CPU
		{67789FF9-1345-4856-99B3-D30BC118995F}.Debug|Any CPU.Build.0 = Debug|Any CPU
		{67789FF9-1345-4856-99B3-D30BC118995F}.Debug|iPhone.ActiveCfg = Debug|Any CPU
		{67789FF9-1345-4856-99B3-D30BC118995F}.Debug|iPhone.Build.0 = Debug|Any CPU
		{67789FF9-1345-4856-99B3-D30BC118995F}.Debug|iPhoneSimulator.ActiveCfg = Debug|Any CPU
		{67789FF9-1345-4856-99B3-D30BC118995F}.Debug|iPhoneSimulator.Build.0 = Debug|Any CPU
		{67789FF9-1345-4856-99B3-D30BC118995F}.Release|Any CPU.ActiveCfg = Release|Any CPU
		{67789FF9-1345-4856-99B3-D30BC118995F}.Release|Any CPU.Build.0 = Release|Any CPU
		{67789FF9-1345-4856-99B3-D30BC118995F}.Release|iPhone.ActiveCfg = Release|Any CPU
		{67789FF9-1345-4856-99B3-D30BC118995F}.Release|iPhone.Build.0 = Release|Any CPU
		{67789FF9-1345-4856-99B3-D30BC118995F}.Release|iPhoneSimulator.ActiveCfg = Release|Any CPU
		{67789FF9-1345-4856-99B3-D30BC118995F}.Release|iPhoneSimulator.Build.0 = Release|Any CPU
		{738CE91D-F28A-4200-B501-4AE98FA56954}.Debug|Any CPU.ActiveCfg = Debug|Any CPU
		{738CE91D-F28A-4200-B501-4AE98FA56954}.Debug|Any CPU.Build.0 = Debug|Any CPU
		{738CE91D-F28A-4200-B501-4AE98FA56954}.Debug|iPhone.ActiveCfg = Debug|Any CPU
		{738CE91D-F28A-4200-B501-4AE98FA56954}.Debug|iPhone.Build.0 = Debug|Any CPU
		{738CE91D-F28A-4200-B501-4AE98FA56954}.Debug|iPhoneSimulator.ActiveCfg = Debug|Any CPU
		{738CE91D-F28A-4200-B501-4AE98FA56954}.Debug|iPhoneSimulator.Build.0 = Debug|Any CPU
		{738CE91D-F28A-4200-B501-4AE98FA56954}.Release|Any CPU.ActiveCfg = Release|Any CPU
		{738CE91D-F28A-4200-B501-4AE98FA56954}.Release|Any CPU.Build.0 = Release|Any CPU
		{738CE91D-F28A-4200-B501-4AE98FA56954}.Release|iPhone.ActiveCfg = Release|Any CPU
		{738CE91D-F28A-4200-B501-4AE98FA56954}.Release|iPhone.Build.0 = Release|Any CPU
		{738CE91D-F28A-4200-B501-4AE98FA56954}.Release|iPhoneSimulator.ActiveCfg = Release|Any CPU
		{738CE91D-F28A-4200-B501-4AE98FA56954}.Release|iPhoneSimulator.Build.0 = Release|Any CPU
		{5C8C3D1C-CD52-4544-B3E3-3787D59A040C}.Debug|Any CPU.ActiveCfg = Debug|Any CPU
		{5C8C3D1C-CD52-4544-B3E3-3787D59A040C}.Debug|Any CPU.Build.0 = Debug|Any CPU
		{5C8C3D1C-CD52-4544-B3E3-3787D59A040C}.Debug|iPhone.ActiveCfg = Debug|Any CPU
		{5C8C3D1C-CD52-4544-B3E3-3787D59A040C}.Debug|iPhone.Build.0 = Debug|Any CPU
		{5C8C3D1C-CD52-4544-B3E3-3787D59A040C}.Debug|iPhoneSimulator.ActiveCfg = Debug|Any CPU
		{5C8C3D1C-CD52-4544-B3E3-3787D59A040C}.Debug|iPhoneSimulator.Build.0 = Debug|Any CPU
		{5C8C3D1C-CD52-4544-B3E3-3787D59A040C}.Release|Any CPU.ActiveCfg = Release|Any CPU
		{5C8C3D1C-CD52-4544-B3E3-3787D59A040C}.Release|Any CPU.Build.0 = Release|Any CPU
		{5C8C3D1C-CD52-4544-B3E3-3787D59A040C}.Release|iPhone.ActiveCfg = Release|Any CPU
		{5C8C3D1C-CD52-4544-B3E3-3787D59A040C}.Release|iPhone.Build.0 = Release|Any CPU
		{5C8C3D1C-CD52-4544-B3E3-3787D59A040C}.Release|iPhoneSimulator.ActiveCfg = Release|Any CPU
		{5C8C3D1C-CD52-4544-B3E3-3787D59A040C}.Release|iPhoneSimulator.Build.0 = Release|Any CPU
		{ADC41DCA-2E1C-492E-BF27-222B56CB977D}.Debug|Any CPU.ActiveCfg = Debug|Any CPU
		{ADC41DCA-2E1C-492E-BF27-222B56CB977D}.Debug|Any CPU.Build.0 = Debug|Any CPU
		{ADC41DCA-2E1C-492E-BF27-222B56CB977D}.Debug|iPhone.ActiveCfg = Debug|Any CPU
		{ADC41DCA-2E1C-492E-BF27-222B56CB977D}.Debug|iPhone.Build.0 = Debug|Any CPU
		{ADC41DCA-2E1C-492E-BF27-222B56CB977D}.Debug|iPhoneSimulator.ActiveCfg = Debug|Any CPU
		{ADC41DCA-2E1C-492E-BF27-222B56CB977D}.Debug|iPhoneSimulator.Build.0 = Debug|Any CPU
		{ADC41DCA-2E1C-492E-BF27-222B56CB977D}.Release|Any CPU.ActiveCfg = Release|Any CPU
		{ADC41DCA-2E1C-492E-BF27-222B56CB977D}.Release|Any CPU.Build.0 = Release|Any CPU
		{ADC41DCA-2E1C-492E-BF27-222B56CB977D}.Release|iPhone.ActiveCfg = Release|Any CPU
		{ADC41DCA-2E1C-492E-BF27-222B56CB977D}.Release|iPhone.Build.0 = Release|Any CPU
		{ADC41DCA-2E1C-492E-BF27-222B56CB977D}.Release|iPhoneSimulator.ActiveCfg = Release|Any CPU
		{ADC41DCA-2E1C-492E-BF27-222B56CB977D}.Release|iPhoneSimulator.Build.0 = Release|Any CPU
		{1F593A50-BBD2-44A0-8CBE-CF2A7433E345}.Debug|Any CPU.ActiveCfg = Debug|Any CPU
		{1F593A50-BBD2-44A0-8CBE-CF2A7433E345}.Debug|Any CPU.Build.0 = Debug|Any CPU
		{1F593A50-BBD2-44A0-8CBE-CF2A7433E345}.Debug|iPhone.ActiveCfg = Debug|Any CPU
		{1F593A50-BBD2-44A0-8CBE-CF2A7433E345}.Debug|iPhone.Build.0 = Debug|Any CPU
		{1F593A50-BBD2-44A0-8CBE-CF2A7433E345}.Debug|iPhoneSimulator.ActiveCfg = Debug|Any CPU
		{1F593A50-BBD2-44A0-8CBE-CF2A7433E345}.Debug|iPhoneSimulator.Build.0 = Debug|Any CPU
		{1F593A50-BBD2-44A0-8CBE-CF2A7433E345}.Release|Any CPU.ActiveCfg = Release|Any CPU
		{1F593A50-BBD2-44A0-8CBE-CF2A7433E345}.Release|Any CPU.Build.0 = Release|Any CPU
		{1F593A50-BBD2-44A0-8CBE-CF2A7433E345}.Release|iPhone.ActiveCfg = Release|Any CPU
		{1F593A50-BBD2-44A0-8CBE-CF2A7433E345}.Release|iPhone.Build.0 = Release|Any CPU
		{1F593A50-BBD2-44A0-8CBE-CF2A7433E345}.Release|iPhoneSimulator.ActiveCfg = Release|Any CPU
		{1F593A50-BBD2-44A0-8CBE-CF2A7433E345}.Release|iPhoneSimulator.Build.0 = Release|Any CPU
		{D9D9B48F-108E-42C6-A767-1560E4365F56}.Debug|Any CPU.ActiveCfg = Debug|Any CPU
		{D9D9B48F-108E-42C6-A767-1560E4365F56}.Debug|Any CPU.Build.0 = Debug|Any CPU
		{D9D9B48F-108E-42C6-A767-1560E4365F56}.Debug|iPhone.ActiveCfg = Debug|Any CPU
		{D9D9B48F-108E-42C6-A767-1560E4365F56}.Debug|iPhone.Build.0 = Debug|Any CPU
		{D9D9B48F-108E-42C6-A767-1560E4365F56}.Debug|iPhoneSimulator.ActiveCfg = Debug|Any CPU
		{D9D9B48F-108E-42C6-A767-1560E4365F56}.Debug|iPhoneSimulator.Build.0 = Debug|Any CPU
		{D9D9B48F-108E-42C6-A767-1560E4365F56}.Release|Any CPU.ActiveCfg = Release|Any CPU
		{D9D9B48F-108E-42C6-A767-1560E4365F56}.Release|Any CPU.Build.0 = Release|Any CPU
		{D9D9B48F-108E-42C6-A767-1560E4365F56}.Release|iPhone.ActiveCfg = Release|Any CPU
		{D9D9B48F-108E-42C6-A767-1560E4365F56}.Release|iPhone.Build.0 = Release|Any CPU
		{D9D9B48F-108E-42C6-A767-1560E4365F56}.Release|iPhoneSimulator.ActiveCfg = Release|Any CPU
		{D9D9B48F-108E-42C6-A767-1560E4365F56}.Release|iPhoneSimulator.Build.0 = Release|Any CPU
		{5C4AAC81-AF0A-4D77-B0F0-7EA2FBC880C4}.Debug|Any CPU.ActiveCfg = Debug|Any CPU
		{5C4AAC81-AF0A-4D77-B0F0-7EA2FBC880C4}.Debug|Any CPU.Build.0 = Debug|Any CPU
		{5C4AAC81-AF0A-4D77-B0F0-7EA2FBC880C4}.Debug|iPhone.ActiveCfg = Debug|Any CPU
		{5C4AAC81-AF0A-4D77-B0F0-7EA2FBC880C4}.Debug|iPhone.Build.0 = Debug|Any CPU
		{5C4AAC81-AF0A-4D77-B0F0-7EA2FBC880C4}.Debug|iPhoneSimulator.ActiveCfg = Debug|Any CPU
		{5C4AAC81-AF0A-4D77-B0F0-7EA2FBC880C4}.Debug|iPhoneSimulator.Build.0 = Debug|Any CPU
		{5C4AAC81-AF0A-4D77-B0F0-7EA2FBC880C4}.Release|Any CPU.ActiveCfg = Release|Any CPU
		{5C4AAC81-AF0A-4D77-B0F0-7EA2FBC880C4}.Release|Any CPU.Build.0 = Release|Any CPU
		{5C4AAC81-AF0A-4D77-B0F0-7EA2FBC880C4}.Release|iPhone.ActiveCfg = Release|Any CPU
		{5C4AAC81-AF0A-4D77-B0F0-7EA2FBC880C4}.Release|iPhone.Build.0 = Release|Any CPU
		{5C4AAC81-AF0A-4D77-B0F0-7EA2FBC880C4}.Release|iPhoneSimulator.ActiveCfg = Release|Any CPU
		{5C4AAC81-AF0A-4D77-B0F0-7EA2FBC880C4}.Release|iPhoneSimulator.Build.0 = Release|Any CPU
	EndGlobalSection
	GlobalSection(SolutionProperties) = preSolution
		HideSolutionNode = FALSE
	EndGlobalSection
	GlobalSection(NestedProjects) = preSolution
		{2B10CACD-E03A-4274-B138-654F1BA6850B} = {32C3554F-EFB2-48FB-B0C0-079BD373B187}
		{E8D623A3-A21C-4894-B5C6-1A395E2C16F2} = {D0380797-3314-4480-82C7-D737EEA135EE}
		{1B26652A-5315-473E-BF6C-62CD6FF736E6} = {9E3FB507-9D34-4B15-9574-17664B0C5EBD}
		{47F55F59-6A74-454A-8E42-4AE3A9C85D2C} = {48901C2D-5E29-430B-8932-FD0F05B53A79}
		{50F75C7A-40C6-453F-89D1-E332A641979C} = {48901C2D-5E29-430B-8932-FD0F05B53A79}
		{ED351566-9738-4D61-9FA5-6E03C89D5A2A} = {48901C2D-5E29-430B-8932-FD0F05B53A79}
		{CB2468A4-637B-4099-9585-BA28E0E3941F} = {60ACE8BA-13D2-4C00-A0C6-1A0909F96F3B}
		{61A76CA2-85E4-410D-B36E-7A3EFEB96014} = {CB2468A4-637B-4099-9585-BA28E0E3941F}
		{7F00993A-4BED-4E2B-85AA-C0DB0659883D} = {CB2468A4-637B-4099-9585-BA28E0E3941F}
		{3336E846-7D81-4253-85BE-5B9E67E2F61B} = {CB2468A4-637B-4099-9585-BA28E0E3941F}
		{67789FF9-1345-4856-99B3-D30BC118995F} = {CB2468A4-637B-4099-9585-BA28E0E3941F}
		{738CE91D-F28A-4200-B501-4AE98FA56954} = {60ACE8BA-13D2-4C00-A0C6-1A0909F96F3B}
		{5C8C3D1C-CD52-4544-B3E3-3787D59A040C} = {60ACE8BA-13D2-4C00-A0C6-1A0909F96F3B}
		{ADC41DCA-2E1C-492E-BF27-222B56CB977D} = {60ACE8BA-13D2-4C00-A0C6-1A0909F96F3B}
		{1F593A50-BBD2-44A0-8CBE-CF2A7433E345} = {60ACE8BA-13D2-4C00-A0C6-1A0909F96F3B}
		{D9D9B48F-108E-42C6-A767-1560E4365F56} = {D0380797-3314-4480-82C7-D737EEA135EE}
		{5C4AAC81-AF0A-4D77-B0F0-7EA2FBC880C4} = {32C3554F-EFB2-48FB-B0C0-079BD373B187}
	EndGlobalSection
	GlobalSection(ExtensibilityGlobals) = postSolution
		SolutionGuid = {652DD2FA-A3E5-4479-AA75-D49173EC88CE}
	EndGlobalSection
EndGlobal
