
Microsoft Visual Studio Solution File, Format Version 12.00
# Visual Studio Version 16
VisualStudioVersion = 16.0.30011.22
MinimumVisualStudioVersion = 10.0.40219.1
Project("{9A19103F-16F7-4668-BE54-9A1E7A4F7556}") = "FierceStukCloud_NetCoreLib", "FierceStukCloud_NetCoreLib\FierceStukCloud_NetCoreLib.csproj", "{858A0254-2991-4ADF-8EC0-CE0BBD5D5EB0}"
EndProject
Project("{9A19103F-16F7-4668-BE54-9A1E7A4F7556}") = "FierceStukCloud_PC", "FierceStukCloud_PC\FierceStukCloud_PC.csproj", "{F3EFB95D-405D-4B9B-9D39-6A7D0CD59C90}"
EndProject
Global
	GlobalSection(SolutionConfigurationPlatforms) = preSolution
		Debug|Any CPU = Debug|Any CPU
		Release|Any CPU = Release|Any CPU
	EndGlobalSection
	GlobalSection(ProjectConfigurationPlatforms) = postSolution
		{858A0254-2991-4ADF-8EC0-CE0BBD5D5EB0}.Debug|Any CPU.ActiveCfg = Debug|Any CPU
		{858A0254-2991-4ADF-8EC0-CE0BBD5D5EB0}.Debug|Any CPU.Build.0 = Debug|Any CPU
		{858A0254-2991-4ADF-8EC0-CE0BBD5D5EB0}.Release|Any CPU.ActiveCfg = Release|Any CPU
		{858A0254-2991-4ADF-8EC0-CE0BBD5D5EB0}.Release|Any CPU.Build.0 = Release|Any CPU
		{F3EFB95D-405D-4B9B-9D39-6A7D0CD59C90}.Debug|Any CPU.ActiveCfg = Debug|Any CPU
		{F3EFB95D-405D-4B9B-9D39-6A7D0CD59C90}.Debug|Any CPU.Build.0 = Debug|Any CPU
		{F3EFB95D-405D-4B9B-9D39-6A7D0CD59C90}.Release|Any CPU.ActiveCfg = Release|Any CPU
		{F3EFB95D-405D-4B9B-9D39-6A7D0CD59C90}.Release|Any CPU.Build.0 = Release|Any CPU
	EndGlobalSection
	GlobalSection(SolutionProperties) = preSolution
		HideSolutionNode = FALSE
	EndGlobalSection
	GlobalSection(ExtensibilityGlobals) = postSolution
		SolutionGuid = {652DD2FA-A3E5-4479-AA75-D49173EC88CE}
	EndGlobalSection
EndGlobal
